
Microsoft Visual Studio Solution File, Format Version 12.00
# Visual Studio Version 16
VisualStudioVersion = 16.0.32602.291
MinimumVisualStudioVersion = 10.0.40219.1
Project("{8BC9CEB8-8B4A-11D0-8D11-00A0C91BC942}") = "FlowStone1.0.0", "FlowStone1.0.0.vcxproj", "{3B066391-9B10-454A-9090-AE20BF6A2E6A}"
EndProject
Global
	GlobalSection(SolutionConfigurationPlatforms) = preSolution
		Debug|x64 = Debug|x64
		Release|x64 = Release|x64
	EndGlobalSection
	GlobalSection(ProjectConfigurationPlatforms) = postSolution
		{3B066391-9B10-454A-9090-AE20BF6A2E6A}.Debug|x64.ActiveCfg = Debug|x64
		{3B066391-9B10-454A-9090-AE20BF6A2E6A}.Debug|x64.Build.0 = Debug|x64
		{3B066391-9B10-454A-9090-AE20BF6A2E6A}.Release|x64.ActiveCfg = Release|x64
		{3B066391-9B10-454A-9090-AE20BF6A2E6A}.Release|x64.Build.0 = Release|x64
	EndGlobalSection
	GlobalSection(SolutionProperties) = preSolution
		HideSolutionNode = FALSE
	EndGlobalSection
	GlobalSection(ExtensibilityGlobals) = postSolution
		SolutionGuid = {4360C0A5-CA78-4E6F-8556-A1519DBCB802}
	EndGlobalSection
EndGlobal
