
Microsoft Visual Studio Solution File, Format Version 12.00
# Visual Studio Version 16
VisualStudioVersion = 16.0.32602.291
MinimumVisualStudioVersion = 10.0.40219.1
Project("{8BC9CEB8-8B4A-11D0-8D11-00A0C91BC942}") = "FlowStone2", "FlowStone2.vcxproj", "{0A4EE348-9ABF-4184-9ABF-6015A66A91DD}"
EndProject
Global
	GlobalSection(SolutionConfigurationPlatforms) = preSolution
		Debug|x64 = Debug|x64
		Release|x64 = Release|x64
	EndGlobalSection
	GlobalSection(ProjectConfigurationPlatforms) = postSolution
		{0A4EE348-9ABF-4184-9ABF-6015A66A91DD}.Debug|x64.ActiveCfg = Debug|x64
		{0A4EE348-9ABF-4184-9ABF-6015A66A91DD}.Debug|x64.Build.0 = Debug|x64
		{0A4EE348-9ABF-4184-9ABF-6015A66A91DD}.Release|x64.ActiveCfg = Release|x64
		{0A4EE348-9ABF-4184-9ABF-6015A66A91DD}.Release|x64.Build.0 = Release|x64
	EndGlobalSection
	GlobalSection(SolutionProperties) = preSolution
		HideSolutionNode = FALSE
	EndGlobalSection
	GlobalSection(ExtensibilityGlobals) = postSolution
		SolutionGuid = {C80E73F2-24B2-4577-82E0-D8FE06B50D9E}
	EndGlobalSection
EndGlobal
